#
# This file is autogenerated by pip-compile with Python 3.14
# by the following command:
#
#    pip-compile --extra=dev --output-file=requirements.lock pyproject.toml
#
alembic==1.18.5
    # via optuna
annotated-doc==0.0.4
    # via typer
black==26.5.1
    # via quant_lib (pyproject.toml)
certifi==2026.6.17
    # via requests
charset-normalizer==3.4.7
    # via requests
click==8.4.2
    # via black
colorama==0.4.6
    # via
    #   click
    #   colorlog
    #   pytest
    #   tqdm
    #   typer
colorlog==6.10.1
    # via optuna
coverage[toml]==7.14.3
    # via pytest-cov
execnet==2.1.2
    # via pytest-xdist
greenlet==3.5.3
    # via sqlalchemy
hypothesis==6.155.7
    # via quant_lib (pyproject.toml)
idna==3.18
    # via requests
iniconfig==2.3.0
    # via pytest
llvmlite==0.47.0
    # via numba
mako==1.3.12
    # via alembic
markdown-it-py==4.2.0
    # via rich
markupsafe==3.0.3
    # via mako
mdurl==0.1.2
    # via markdown-it-py
mypy-extensions==1.1.0
    # via black
numba==0.65.1
    # via quant_lib (pyproject.toml)
numpy==2.4.6
    # via
    #   numba
    #   optuna
    #   pandas
    #   quant_lib (pyproject.toml)
    #   scipy
optuna==4.9.0
    # via quant_lib (pyproject.toml)
packaging==26.2
    # via
    #   black
    #   optuna
    #   pytest
pandas==3.0.4
    # via quant_lib (pyproject.toml)
pathspec==1.1.1
    # via black
platformdirs==4.10.0
    # via black
pluggy==1.6.0
    # via
    #   pytest
    #   pytest-cov
py-cpuinfo==9.0.0
    # via pytest-benchmark
pygments==2.20.0
    # via
    #   pytest
    #   rich
pytest==9.1.1
    # via
    #   pytest-benchmark
    #   pytest-cov
    #   pytest-xdist
    #   quant_lib (pyproject.toml)
pytest-benchmark==5.2.3
    # via quant_lib (pyproject.toml)
pytest-cov==7.1.0
    # via quant_lib (pyproject.toml)
pytest-xdist==3.8.0
    # via quant_lib (pyproject.toml)
python-dateutil==2.9.0.post0
    # via pandas
pytokens==0.4.1
    # via black
pyyaml==6.0.3
    # via optuna
requests==2.34.2
    # via quant_lib (pyproject.toml)
rich==15.0.0
    # via
    #   quant_lib (pyproject.toml)
    #   typer
scipy==1.18.0
    # via quant_lib (pyproject.toml)
shellingham==1.5.4
    # via typer
six==1.17.0
    # via python-dateutil
sortedcontainers==2.4.0
    # via hypothesis
sqlalchemy==2.0.51
    # via
    #   alembic
    #   optuna
tqdm==4.68.3
    # via optuna
typer==0.26.8
    # via quant_lib (pyproject.toml)
typing-extensions==4.15.0
    # via
    #   alembic
    #   sqlalchemy
tzdata==2026.2
    # via pandas
urllib3==2.7.0
    # via requests
